lockfileVersion: 5.4

specifiers:
  dayjs: ^1.11.7
  grapheme-splitter: ^1.0.4

dependencies:
  dayjs: 1.11.7
  grapheme-splitter: 1.0.4

packages:

  /dayjs/1.11.7:
    resolution: {integrity: sha512-+Yw9U6YO5TQohxLcIkrXBeY73WP3ejHWVvx8XCk3gxvQDCTEmS48ZrSZCKciI7Bhl/uCMyxYtE9UqRILmFphkQ==}
    dev: false

  /grapheme-splitter/1.0.4:
    resolution: {integrity: sha512-bzh50DW9kTPM00T8y4o8vQg89Di9oLJVLW/KaOGIXJWP/iqCN6WKYkbNOF04vFLJhwcpYUh9ydh/+5vpOqV4YQ==}
    dev: false
