lockfileVersion: 5.4

specifiers:
  dayjs: ^1.11.7
  vue-video-player: 4.0.6

dependencies:
  dayjs: 1.11.7
  vue-video-player: 4.0.6

packages:

  /babel-runtime/6.26.0:
    resolution: {integrity: sha512-ITKNuq2wKlW1fJg9sSW52eepoYgZBggvOAHC0u/CYu/qxQ9EVzThCgR69BnSXLHjy2f7SY5zaQ4yt7H9ZVxY2g==}
    dependencies:
      core-js: 2.6.12
      regenerator-runtime: 0.11.1
    dev: false

  /core-js/2.6.12:
    resolution: {integrity: sha512-Kb2wC0fvsWfQrgk8HU5lW6U/Lcs8+9aaYcy4ZFc6DDlo4nZ7n70dEgE5rtR0oG6ufKDUnrwfWL1mXR5ljDatrQ==}
    deprecated: core-js@<3.23.3 is no longer maintained and not recommended for usage due to the number of issues. Because of the V8 engine whims, feature detection in old core-js versions could cause a slowdown up to 100x even if nothing is polyfilled. Some versions have web compatibility issues. Please, upgrade your dependencies to the actual version of core-js.
    requiresBuild: true
    dev: false

  /dayjs/1.11.7:
    resolution: {integrity: sha512-+Yw9U6YO5TQohxLcIkrXBeY73WP3ejHWVvx8XCk3gxvQDCTEmS48ZrSZCKciI7Bhl/uCMyxYtE9UqRILmFphkQ==}
    dev: false

  /dom-walk/0.1.2:
    resolution: {integrity: sha512-6QvTW9mrGeIegrFXdtQi9pk7O/nSK6lSdXW2eqUspN5LWD7UTji2Fqw5V2YLjBpHEoU9Xl/eUWNpDeZvoyOv2w==}
    dev: false

  /es5-shim/4.6.7:
    resolution: {integrity: sha512-jg21/dmlrNQI7JyyA2w7n+yifSxBng0ZralnSfVZjoCawgNTCnS+yBCyVM9DL5itm7SUnDGgv7hcq2XCZX4iRQ==}
    engines: {node: '>=0.4.0'}
    dev: false

  /global/4.3.2:
    resolution: {integrity: sha512-/4AybdwIDU4HkCUbJkZdWpe4P6vuw/CUtu+0I1YlLIPe7OlUO7KNJ+q/rO70CW2/NW6Jc6I62++Hzsf5Alu6rQ==}
    dependencies:
      min-document: 2.19.0
      process: 0.5.2
    dev: false

  /global/4.4.0:
    resolution: {integrity: sha512-wv/LAoHdRE3BeTGz53FAamhGlPLhlssK45usmGFThIi4XqnBmjKQ16u+RNbP7WvigRZDxUsM0J3gcQ5yicaL0w==}
    dependencies:
      min-document: 2.19.0
      process: 0.11.10
    dev: false

  /individual/2.0.0:
    resolution: {integrity: sha512-pWt8hBCqJsUWI/HtcfWod7+N9SgAqyPEaF7JQjwzjn5vGrpg6aQ5qeAFQ7dx//UH4J1O+7xqew+gCeeFt6xN/g==}
    dev: false

  /is-function/1.0.2:
    resolution: {integrity: sha512-lw7DUp0aWXYg+CBCN+JKkcE0Q2RayZnSvnZBlwgxHBQhqt5pZNVy4Ri7H9GmmXkdu7LUthszM+Tor1u/2iBcpQ==}
    dev: false

  /min-document/2.19.0:
    resolution: {integrity: sha512-9Wy1B3m3f66bPPmU5hdA4DR4PB2OfDU/+GS3yAB7IQozE3tqXaVv2zOjgla7MEGSRv95+ILmOuvhLkOK6wJtCQ==}
    dependencies:
      dom-walk: 0.1.2
    dev: false

  /parse-headers/2.0.5:
    resolution: {integrity: sha512-ft3iAoLOB/MlwbNXgzy43SWGP6sQki2jQvAyBg/zDFAgr9bfNWZIUj42Kw2eJIl8kEi4PbgE6U1Zau/HwI75HA==}
    dev: false

  /process/0.11.10:
    resolution: {integrity: sha512-cdGef/drWFoydD1JsMzuFf8100nZl+GT+yacc2bEced5f9Rjk4z+WtFUTBu9PhOi9j/jfmBPu0mMEY4wIdAF8A==}
    engines: {node: '>= 0.6.0'}
    dev: false

  /process/0.5.2:
    resolution: {integrity: sha512-oNpcutj+nYX2FjdEW7PGltWhXulAnFlM0My/k48L90hARCOJtvBbQXc/6itV2jDvU5xAAtonP+r6wmQgCcbAUA==}
    engines: {node: '>= 0.6.0'}
    dev: false

  /regenerator-runtime/0.11.1:
    resolution: {integrity: sha512-MguG95oij0fC3QV3URf4V2SDYGJhJnJGqvIIgdECeODCT98wSWDAJ94SSuVpYQUoTcGUIL6L4yNB7j1DFFHSBg==}
    dev: false

  /rust-result/1.0.0:
    resolution: {integrity: sha512-6cJzSBU+J/RJCF063onnQf0cDUOHs9uZI1oroSGnHOph+CQTIJ5Pp2hK5kEQq1+7yE/EEWfulSNXAQ2jikPthA==}
    dependencies:
      individual: 2.0.0
    dev: false

  /safe-json-parse/4.0.0:
    resolution: {integrity: sha512-RjZPPHugjK0TOzFrLZ8inw44s9bKox99/0AZW9o/BEQVrJfhI+fIHMErnPyRa89/yRXUUr93q+tiN6zhoVV4wQ==}
    dependencies:
      rust-result: 1.0.0
    dev: false

  /tsml/1.0.1:
    resolution: {integrity: sha512-3KmepnH9SUsoOVtg013CRrL7c+AK7ECaquAsJdvu4288EDJuraqBlP4PDXT/rLEJ9YDn4jqLAzRJsnFPx+V6lg==}
    deprecated: no longer maintained
    dev: false

  /video.js/6.13.0:
    resolution: {integrity: sha512-36/JR/GhPQSZj0o+GNbhcEYv/b0SkV9SQsjlodAnzMQYN0TA7VhmqrKPYMCi1NGRYu7S9W3OaFCFoUxkYfSVlg==}
    dependencies:
      babel-runtime: 6.26.0
      global: 4.3.2
      safe-json-parse: 4.0.0
      tsml: 1.0.1
      videojs-font: 2.1.0
      videojs-ie8: 1.1.2
      videojs-vtt.js: 0.12.6
      xhr: 2.4.0
    dev: false

  /videojs-font/2.1.0:
    resolution: {integrity: sha512-zFqWpLrXf1q8NtYx5qtZhMC6SLUFScDmR6j+UGPogobxR21lvXShhnzcNNMdOxJUuFLiToJ/BPpFUQwX4xhpvA==}
    dev: false

  /videojs-ie8/1.1.2:
    resolution: {integrity: sha512-0Zb2T4MLkpfZbeGMK/Z93b8Lrepr+rLFoHgQV1CoDeFqXvH7b+Vsd/VHoILGxQrgCSHFQ7mAODR6oyMjuiD4/g==}
    dependencies:
      es5-shim: 4.6.7
    dev: false

  /videojs-vtt.js/0.12.6:
    resolution: {integrity: sha512-XFXeGBQiljnElMhwCcZst0RDbZn2n8LU7ZScXryd3a00OaZsHAjdZu/7/RdSr7Z1jHphd45FnOvOQkGK4YrWCQ==}
    dependencies:
      global: 4.4.0
    dev: false

  /vue-video-player/4.0.6:
    resolution: {integrity: sha512-kmHIOnk5cUpXbh2fPkAIxrBds2NZQQnTO3m79iy1bp6c+1EdcgxbFnL39T9If0wf8eCj2fOaWVsdmFFK6adyZg==}
    dependencies:
      video.js: 6.13.0
    dev: false

  /xhr/2.4.0:
    resolution: {integrity: sha512-TUbBsdAuJbX8olk9hsDwGK8P1ri1XlV+PdEWkYw+HQQbpkiBR8PLgD1F3kQDPBs9l4Px34hP9rCYAZOCCAENbw==}
    dependencies:
      global: 4.3.2
      is-function: 1.0.2
      parse-headers: 2.0.5
      xtend: 4.0.2
    dev: false

  /xtend/4.0.2:
    resolution: {integrity: sha512-LKYU1iAXJXUgAXn9URjiu+MWhyUXHsvfp7mcuYm9dSUKK0/CjtrUwFAxD82/mCWbtLsGjFIad0wIsod4zrTAEQ==}
    engines: {node: '>=0.4'}
    dev: false
